
Microsoft Visual Studio Solution File, Format Version 12.00
# Visual Studio 2012
Project("{FAE04EC0-301F-11D3-BF4B-00C04F79EFBC}") = "RRScheduleManagement", "RRScheduleManagement\RRScheduleManagement.csproj", "{6CA67474-361D-4EB1-A8DB-866AF0FADA7A}"
EndProject
Project("{FAE04EC0-301F-11D3-BF4B-00C04F79EFBC}") = "RRSDAL", "..\RRSDAL\RRSDAL.csproj", "{B6FDB7C8-BE11-496E-8A44-E39DC091B8CC}"
EndProject
Project("{FAE04EC0-301F-11D3-BF4B-00C04F79EFBC}") = "RRSBOL", "..\RRSBOL\RRSBOL.csproj", "{A9C8D738-C786-48A9-8BCC-48780F7B28EA}"
EndProject
Project("{FAE04EC0-301F-11D3-BF4B-00C04F79EFBC}") = "RRSBLL", "..\RRSBLL\RRSBLL.csproj", "{39EE5FA5-AB67-4808-B17C-C2AA4997429C}"
EndProject
Global
	GlobalSection(SolutionConfigurationPlatforms) = preSolution
		Debug|Any CPU = Debug|Any CPU
		Release|Any CPU = Release|Any CPU
	EndGlobalSection
	GlobalSection(ProjectConfigurationPlatforms) = postSolution
		{6CA67474-361D-4EB1-A8DB-866AF0FADA7A}.Debug|Any CPU.ActiveCfg = Debug|Any CPU
		{6CA67474-361D-4EB1-A8DB-866AF0FADA7A}.Debug|Any CPU.Build.0 = Debug|Any CPU
		{6CA67474-361D-4EB1-A8DB-866AF0FADA7A}.Release|Any CPU.ActiveCfg = Release|Any CPU
		{6CA67474-361D-4EB1-A8DB-866AF0FADA7A}.Release|Any CPU.Build.0 = Release|Any CPU
		{B6FDB7C8-BE11-496E-8A44-E39DC091B8CC}.Debug|Any CPU.ActiveCfg = Debug|Any CPU
		{B6FDB7C8-BE11-496E-8A44-E39DC091B8CC}.Debug|Any CPU.Build.0 = Debug|Any CPU
		{B6FDB7C8-BE11-496E-8A44-E39DC091B8CC}.Release|Any CPU.ActiveCfg = Release|Any CPU
		{B6FDB7C8-BE11-496E-8A44-E39DC091B8CC}.Release|Any CPU.Build.0 = Release|Any CPU
		{A9C8D738-C786-48A9-8BCC-48780F7B28EA}.Debug|Any CPU.ActiveCfg = Debug|Any CPU
		{A9C8D738-C786-48A9-8BCC-48780F7B28EA}.Debug|Any CPU.Build.0 = Debug|Any CPU
		{A9C8D738-C786-48A9-8BCC-48780F7B28EA}.Release|Any CPU.ActiveCfg = Release|Any CPU
		{A9C8D738-C786-48A9-8BCC-48780F7B28EA}.Release|Any CPU.Build.0 = Release|Any CPU
		{39EE5FA5-AB67-4808-B17C-C2AA4997429C}.Debug|Any CPU.ActiveCfg = Debug|Any CPU
		{39EE5FA5-AB67-4808-B17C-C2AA4997429C}.Debug|Any CPU.Build.0 = Debug|Any CPU
		{39EE5FA5-AB67-4808-B17C-C2AA4997429C}.Release|Any CPU.ActiveCfg = Release|Any CPU
		{39EE5FA5-AB67-4808-B17C-C2AA4997429C}.Release|Any CPU.Build.0 = Release|Any CPU
	EndGlobalSection
	GlobalSection(SolutionProperties) = preSolution
		HideSolutionNode = FALSE
	EndGlobalSection
EndGlobal
